Microsoft Visual Studio Solution File, Format Version 12.00
# Visual Studio Version 17
VisualStudioVersion = 17.5.2.0
MinimumVisualStudioVersion = 10.0.40219.1
Project("{FAE04EC0-301F-11D3-BF4B-00C04F79EFBC}") = "Projectw5", "Projectw5.csproj", "{70D89827-36DA-0D12-75F2-C2F8B5A06361}"
EndProject
Global
	GlobalSection(SolutionConfigurationPlatforms) = preSolution
		Debug|Any CPU = Debug|Any CPU
		Release|Any CPU = Release|Any CPU
	EndGlobalSection
	GlobalSection(ProjectConfigurationPlatforms) = postSolution
		{70D89827-36DA-0D12-75F2-C2F8B5A06361}.Debug|Any CPU.ActiveCfg = Debug|Any CPU
		{70D89827-36DA-0D12-75F2-C2F8B5A06361}.Debug|Any CPU.Build.0 = Debug|Any CPU
		{70D89827-36DA-0D12-75F2-C2F8B5A06361}.Release|Any CPU.ActiveCfg = Release|Any CPU
		{70D89827-36DA-0D12-75F2-C2F8B5A06361}.Release|Any CPU.Build.0 = Release|Any CPU
	EndGlobalSection
	GlobalSection(SolutionProperties) = preSolution
		HideSolutionNode = FALSE
	EndGlobalSection
	GlobalSection(ExtensibilityGlobals) = postSolution
		SolutionGuid = {C9CC8715-C612-4FAF-8E0D-239B447D92CA}
	EndGlobalSection
EndGlobal
