Microsoft Visual Studio Solution File, Format Version 12.00
# Visual Studio Version 17
VisualStudioVersion = 17.5.2.0
MinimumVisualStudioVersion = 10.0.40219.1
Project("{FAE04EC0-301F-11D3-BF4B-00C04F79EFBC}") = "Projectw6", "Projectw6.csproj", "{A5D6940F-4236-71B1-E438-84C0C045C17B}"
EndProject
Global
	GlobalSection(SolutionConfigurationPlatforms) = preSolution
		Debug|Any CPU = Debug|Any CPU
		Release|Any CPU = Release|Any CPU
	EndGlobalSection
	GlobalSection(ProjectConfigurationPlatforms) = postSolution
		{A5D6940F-4236-71B1-E438-84C0C045C17B}.Debug|Any CPU.ActiveCfg = Debug|Any CPU
		{A5D6940F-4236-71B1-E438-84C0C045C17B}.Debug|Any CPU.Build.0 = Debug|Any CPU
		{A5D6940F-4236-71B1-E438-84C0C045C17B}.Release|Any CPU.ActiveCfg = Release|Any CPU
		{A5D6940F-4236-71B1-E438-84C0C045C17B}.Release|Any CPU.Build.0 = Release|Any CPU
	EndGlobalSection
	GlobalSection(SolutionProperties) = preSolution
		HideSolutionNode = FALSE
	EndGlobalSection
	GlobalSection(ExtensibilityGlobals) = postSolution
		SolutionGuid = {B2AA8FF9-7231-4FFA-B9F4-3DCA3072DE14}
	EndGlobalSection
EndGlobal
